
Microsoft Visual Studio Solution File, Format Version 12.00
# Visual Studio 2013
VisualStudioVersion = 12.0.30501.0
MinimumVisualStudioVersion = 10.0.40219.1
Project("{FAE04EC0-301F-11D3-BF4B-00C04F79EFBC}") = "Metric.Test", "Test\Metric.Test.csproj", "{8B80672F-2847-410D-9A3D-85A7946E5EC0}"
EndProject
Project("{FAE04EC0-301F-11D3-BF4B-00C04F79EFBC}") = "Metric", "Metric\Metric.csproj", "{54A9BA76-50A7-41F7-B119-968B739562FC}"
EndProject
Global
	GlobalSection(SolutionConfigurationPlatforms) = preSolution
		Debug|Any CPU = Debug|Any CPU
		Release|Any CPU = Release|Any CPU
	EndGlobalSection
	GlobalSection(ProjectConfigurationPlatforms) = postSolution
		{8B80672F-2847-410D-9A3D-85A7946E5EC0}.Debug|Any CPU.ActiveCfg = Debug|Any CPU
		{8B80672F-2847-410D-9A3D-85A7946E5EC0}.Debug|Any CPU.Build.0 = Debug|Any CPU
		{8B80672F-2847-410D-9A3D-85A7946E5EC0}.Release|Any CPU.ActiveCfg = Release|Any CPU
		{8B80672F-2847-410D-9A3D-85A7946E5EC0}.Release|Any CPU.Build.0 = Release|Any CPU
		{54A9BA76-50A7-41F7-B119-968B739562FC}.Debug|Any CPU.ActiveCfg = Debug|Any CPU
		{54A9BA76-50A7-41F7-B119-968B739562FC}.Debug|Any CPU.Build.0 = Debug|Any CPU
		{54A9BA76-50A7-41F7-B119-968B739562FC}.Release|Any CPU.ActiveCfg = Release|Any CPU
		{54A9BA76-50A7-41F7-B119-968B739562FC}.Release|Any CPU.Build.0 = Release|Any CPU
	EndGlobalSection
	GlobalSection(SolutionProperties) = preSolution
		HideSolutionNode = FALSE
	EndGlobalSection
EndGlobal
